
Microsoft Visual Studio Solution File, Format Version 12.00
# Visual Studio Version 17
VisualStudioVersion = 17.5.002.0
MinimumVisualStudioVersion = 10.0.40219.1
Project("{9A19103F-16F7-4668-BE54-9A1E7A4F7556}") = "FarlandsCoreMod", "FarlandsCoreMod.csproj", "{12904BB8-737B-4FF9-9E5A-3D1224D9770D}"
EndProject
Global
	GlobalSection(SolutionConfigurationPlatforms) = preSolution
		Debug|Any CPU = Debug|Any CPU
		Release|Any CPU = Release|Any CPU
	EndGlobalSection
	GlobalSection(ProjectConfigurationPlatforms) = postSolution
		{12904BB8-737B-4FF9-9E5A-3D1224D9770D}.Debug|Any CPU.ActiveCfg = Debug|Any CPU
		{12904BB8-737B-4FF9-9E5A-3D1224D9770D}.Debug|Any CPU.Build.0 = Debug|Any CPU
		{12904BB8-737B-4FF9-9E5A-3D1224D9770D}.Release|Any CPU.ActiveCfg = Release|Any CPU
		{12904BB8-737B-4FF9-9E5A-3D1224D9770D}.Release|Any CPU.Build.0 = Release|Any CPU
	EndGlobalSection
	GlobalSection(SolutionProperties) = preSolution
		HideSolutionNode = FALSE
	EndGlobalSection
	GlobalSection(ExtensibilityGlobals) = postSolution
		SolutionGuid = {F1161D3F-2017-4915-85E5-5A4197F30C8C}
	EndGlobalSection
EndGlobal
